
Microsoft Visual Studio Solution File, Format Version 12.00
# Visual Studio Version 17
VisualStudioVersion = 17.5.002.0
MinimumVisualStudioVersion = 10.0.40219.1
Project("{9A19103F-16F7-4668-BE54-9A1E7A4F7556}") = "AppleAccounts", "AppleAccounts.csproj", "{2A59BE55-1288-44E6-976B-216B20ECD7A6}"
EndProject
Global
	GlobalSection(SolutionConfigurationPlatforms) = preSolution
		Debug|Any CPU = Debug|Any CPU
		Release|Any CPU = Release|Any CPU
	EndGlobalSection
	GlobalSection(ProjectConfigurationPlatforms) = postSolution
		{2A59BE55-1288-44E6-976B-216B20ECD7A6}.Debug|Any CPU.ActiveCfg = Debug|Any CPU
		{2A59BE55-1288-44E6-976B-216B20ECD7A6}.Debug|Any CPU.Build.0 = Debug|Any CPU
		{2A59BE55-1288-44E6-976B-216B20ECD7A6}.Release|Any CPU.ActiveCfg = Release|Any CPU
		{2A59BE55-1288-44E6-976B-216B20ECD7A6}.Release|Any CPU.Build.0 = Release|Any CPU
	EndGlobalSection
	GlobalSection(SolutionProperties) = preSolution
		HideSolutionNode = FALSE
	EndGlobalSection
	GlobalSection(ExtensibilityGlobals) = postSolution
		SolutionGuid = {55C6AAF9-0EA4-4A99-B576-D7E0EF9287E9}
	EndGlobalSection
EndGlobal
